
Microsoft Visual Studio Solution File, Format Version 12.00
# Visual Studio Version 17
VisualStudioVersion = 17.3.32901.215
MinimumVisualStudioVersion = 10.0.40219.1
Project("{FAE04EC0-301F-11D3-BF4B-00C04F79EFBC}") = "Practica.Linq.Logic", "Practica.EF.Logic\Practica.Linq.Logic.csproj", "{667BA2FD-910A-48E4-B72F-2FE2B9FA2097}"
EndProject
Project("{FAE04EC0-301F-11D3-BF4B-00C04F79EFBC}") = "Practica.Linq.Entities", "Practica.EF.Entities\Practica.Linq.Entities.csproj", "{90D99CAA-1D81-4BAA-ACB0-06BC44501945}"
EndProject
Project("{FAE04EC0-301F-11D3-BF4B-00C04F79EFBC}") = "Practica.Linq.Data", "Practica.EF.Data\Practica.Linq.Data.csproj", "{A3EB210E-7D3D-45C7-964E-D1FE51AC0ED9}"
EndProject
Project("{FAE04EC0-301F-11D3-BF4B-00C04F79EFBC}") = "Practica.Linq.Common", "Practica.EF.Exceptions\Practica.Linq.Common.csproj", "{7B296635-4B3E-40B8-8B97-9B8DAED1701F}"
EndProject
Project("{FAE04EC0-301F-11D3-BF4B-00C04F79EFBC}") = "Practica.EF.LogicTests", "Practica.EF.LogicTests\Practica.EF.LogicTests.csproj", "{85CE93BB-B8A8-4655-BD25-145F14193675}"
EndProject
Project("{FAE04EC0-301F-11D3-BF4B-00C04F79EFBC}") = "Practica.Linq.UI", "Practica.Linq.UI\Practica.Linq.UI.csproj", "{7372E279-2419-410F-A460-B4C74A489827}"
EndProject
Global
	GlobalSection(SolutionConfigurationPlatforms) = preSolution
		Debug|Any CPU = Debug|Any CPU
		Release|Any CPU = Release|Any CPU
	EndGlobalSection
	GlobalSection(ProjectConfigurationPlatforms) = postSolution
		{667BA2FD-910A-48E4-B72F-2FE2B9FA2097}.Debug|Any CPU.ActiveCfg = Debug|Any CPU
		{667BA2FD-910A-48E4-B72F-2FE2B9FA2097}.Debug|Any CPU.Build.0 = Debug|Any CPU
		{667BA2FD-910A-48E4-B72F-2FE2B9FA2097}.Release|Any CPU.ActiveCfg = Release|Any CPU
		{667BA2FD-910A-48E4-B72F-2FE2B9FA2097}.Release|Any CPU.Build.0 = Release|Any CPU
		{90D99CAA-1D81-4BAA-ACB0-06BC44501945}.Debug|Any CPU.ActiveCfg = Debug|Any CPU
		{90D99CAA-1D81-4BAA-ACB0-06BC44501945}.Debug|Any CPU.Build.0 = Debug|Any CPU
		{90D99CAA-1D81-4BAA-ACB0-06BC44501945}.Release|Any CPU.ActiveCfg = Release|Any CPU
		{90D99CAA-1D81-4BAA-ACB0-06BC44501945}.Release|Any CPU.Build.0 = Release|Any CPU
		{A3EB210E-7D3D-45C7-964E-D1FE51AC0ED9}.Debug|Any CPU.ActiveCfg = Debug|Any CPU
		{A3EB210E-7D3D-45C7-964E-D1FE51AC0ED9}.Debug|Any CPU.Build.0 = Debug|Any CPU
		{A3EB210E-7D3D-45C7-964E-D1FE51AC0ED9}.Release|Any CPU.ActiveCfg = Release|Any CPU
		{A3EB210E-7D3D-45C7-964E-D1FE51AC0ED9}.Release|Any CPU.Build.0 = Release|Any CPU
		{7B296635-4B3E-40B8-8B97-9B8DAED1701F}.Debug|Any CPU.ActiveCfg = Debug|Any CPU
		{7B296635-4B3E-40B8-8B97-9B8DAED1701F}.Debug|Any CPU.Build.0 = Debug|Any CPU
		{7B296635-4B3E-40B8-8B97-9B8DAED1701F}.Release|Any CPU.ActiveCfg = Release|Any CPU
		{7B296635-4B3E-40B8-8B97-9B8DAED1701F}.Release|Any CPU.Build.0 = Release|Any CPU
		{85CE93BB-B8A8-4655-BD25-145F14193675}.Debug|Any CPU.ActiveCfg = Debug|Any CPU
		{85CE93BB-B8A8-4655-BD25-145F14193675}.Debug|Any CPU.Build.0 = Debug|Any CPU
		{85CE93BB-B8A8-4655-BD25-145F14193675}.Release|Any CPU.ActiveCfg = Release|Any CPU
		{85CE93BB-B8A8-4655-BD25-145F14193675}.Release|Any CPU.Build.0 = Release|Any CPU
		{7372E279-2419-410F-A460-B4C74A489827}.Debug|Any CPU.ActiveCfg = Debug|Any CPU
		{7372E279-2419-410F-A460-B4C74A489827}.Debug|Any CPU.Build.0 = Debug|Any CPU
		{7372E279-2419-410F-A460-B4C74A489827}.Release|Any CPU.ActiveCfg = Release|Any CPU
		{7372E279-2419-410F-A460-B4C74A489827}.Release|Any CPU.Build.0 = Release|Any CPU
	EndGlobalSection
	GlobalSection(SolutionProperties) = preSolution
		HideSolutionNode = FALSE
	EndGlobalSection
	GlobalSection(ExtensibilityGlobals) = postSolution
		SolutionGuid = {A3721F40-B0D6-49E7-8B7B-05A7DD2E0D1C}
	EndGlobalSection
EndGlobal
